
Microsoft Visual Studio Solution File, Format Version 12.00
# Visual Studio Version 17
VisualStudioVersion = 17.11.35312.102
MinimumVisualStudioVersion = 10.0.40219.1
Project("{FAE04EC0-301F-11D3-BF4B-00C04F79EFBC}") = "BiblioTech", "WindowsFormsApp1\BiblioTech.csproj", "{9F64AD68-0D72-4E0A-8398-5758FC7BB1CE}"
EndProject
Global
	GlobalSection(SolutionConfigurationPlatforms) = preSolution
		Debug|Any CPU = Debug|Any CPU
		Release|Any CPU = Release|Any CPU
	EndGlobalSection
	GlobalSection(ProjectConfigurationPlatforms) = postSolution
		{9F64AD68-0D72-4E0A-8398-5758FC7BB1CE}.Debug|Any CPU.ActiveCfg = Debug|Any CPU
		{9F64AD68-0D72-4E0A-8398-5758FC7BB1CE}.Debug|Any CPU.Build.0 = Debug|Any CPU
		{9F64AD68-0D72-4E0A-8398-5758FC7BB1CE}.Release|Any CPU.ActiveCfg = Release|Any CPU
		{9F64AD68-0D72-4E0A-8398-5758FC7BB1CE}.Release|Any CPU.Build.0 = Release|Any CPU
	EndGlobalSection
	GlobalSection(SolutionProperties) = preSolution
		HideSolutionNode = FALSE
	EndGlobalSection
	GlobalSection(ExtensibilityGlobals) = postSolution
		SolutionGuid = {0477B6C6-B8B4-437D-B891-AC0BCD0BE643}
	EndGlobalSection
EndGlobal
